
Microsoft Visual Studio Solution File, Format Version 12.00
# Visual Studio 14
VisualStudioVersion = 14.0.25123.0
MinimumVisualStudioVersion = 10.0.40219.1
Project("{B1E792BE-AA5F-4E3C-8C82-674BF9C0715B}") = "Sample03", "Sample03\Sample03.tsproj", "{5B8FAC5A-7C7C-473E-81CF-C082B3F36DA6}"
EndProject
Global
	GlobalSection(SolutionConfigurationPlatforms) = preSolution
		Debug|TwinCAT CE7 (ARMV7) = Debug|TwinCAT CE7 (ARMV7)
		Debug|TwinCAT RT (x64) = Debug|TwinCAT RT (x64)
		Debug|TwinCAT RT (x86) = Debug|TwinCAT RT (x86)
		Release|TwinCAT CE7 (ARMV7) = Release|TwinCAT CE7 (ARMV7)
		Release|TwinCAT RT (x64) = Release|TwinCAT RT (x64)
		Release|TwinCAT RT (x86) = Release|TwinCAT RT (x86)
	EndGlobalSection
	GlobalSection(ProjectConfigurationPlatforms) = postSolution
		{5B8FAC5A-7C7C-473E-81CF-C082B3F36DA6}.Debug|TwinCAT CE7 (ARMV7).ActiveCfg = Debug|TwinCAT CE7 (ARMV7)
		{5B8FAC5A-7C7C-473E-81CF-C082B3F36DA6}.Debug|TwinCAT CE7 (ARMV7).Build.0 = Debug|TwinCAT CE7 (ARMV7)
		{5B8FAC5A-7C7C-473E-81CF-C082B3F36DA6}.Debug|TwinCAT RT (x64).ActiveCfg = Debug|TwinCAT RT (x64)
		{5B8FAC5A-7C7C-473E-81CF-C082B3F36DA6}.Debug|TwinCAT RT (x64).Build.0 = Debug|TwinCAT RT (x64)
		{5B8FAC5A-7C7C-473E-81CF-C082B3F36DA6}.Debug|TwinCAT RT (x86).ActiveCfg = Debug|TwinCAT RT (x86)
		{5B8FAC5A-7C7C-473E-81CF-C082B3F36DA6}.Debug|TwinCAT RT (x86).Build.0 = Debug|TwinCAT RT (x86)
		{5B8FAC5A-7C7C-473E-81CF-C082B3F36DA6}.Release|TwinCAT CE7 (ARMV7).ActiveCfg = Release|TwinCAT CE7 (ARMV7)
		{5B8FAC5A-7C7C-473E-81CF-C082B3F36DA6}.Release|TwinCAT CE7 (ARMV7).Build.0 = Release|TwinCAT CE7 (ARMV7)
		{5B8FAC5A-7C7C-473E-81CF-C082B3F36DA6}.Release|TwinCAT RT (x64).ActiveCfg = Release|TwinCAT RT (x64)
		{5B8FAC5A-7C7C-473E-81CF-C082B3F36DA6}.Release|TwinCAT RT (x64).Build.0 = Release|TwinCAT RT (x64)
		{5B8FAC5A-7C7C-473E-81CF-C082B3F36DA6}.Release|TwinCAT RT (x86).ActiveCfg = Release|TwinCAT RT (x86)
		{5B8FAC5A-7C7C-473E-81CF-C082B3F36DA6}.Release|TwinCAT RT (x86).Build.0 = Release|TwinCAT RT (x86)
		{F824E5BF-A9EF-4F74-A71E-A9AA42D07B2A}.Debug|TwinCAT CE7 (ARMV7).ActiveCfg = Debug|TwinCAT CE7 (ARMV7)
		{F824E5BF-A9EF-4F74-A71E-A9AA42D07B2A}.Debug|TwinCAT CE7 (ARMV7).Build.0 = Debug|TwinCAT CE7 (ARMV7)
		{F824E5BF-A9EF-4F74-A71E-A9AA42D07B2A}.Debug|TwinCAT RT (x64).ActiveCfg = Debug|TwinCAT RT (x64)
		{F824E5BF-A9EF-4F74-A71E-A9AA42D07B2A}.Debug|TwinCAT RT (x64).Build.0 = Debug|TwinCAT RT (x64)
		{F824E5BF-A9EF-4F74-A71E-A9AA42D07B2A}.Debug|TwinCAT RT (x86).ActiveCfg = Debug|TwinCAT RT (x86)
		{F824E5BF-A9EF-4F74-A71E-A9AA42D07B2A}.Debug|TwinCAT RT (x86).Build.0 = Debug|TwinCAT RT (x86)
		{F824E5BF-A9EF-4F74-A71E-A9AA42D07B2A}.Release|TwinCAT CE7 (ARMV7).ActiveCfg = Release|TwinCAT CE7 (ARMV7)
		{F824E5BF-A9EF-4F74-A71E-A9AA42D07B2A}.Release|TwinCAT CE7 (ARMV7).Build.0 = Release|TwinCAT CE7 (ARMV7)
		{F824E5BF-A9EF-4F74-A71E-A9AA42D07B2A}.Release|TwinCAT RT (x64).ActiveCfg = Release|TwinCAT RT (x64)
		{F824E5BF-A9EF-4F74-A71E-A9AA42D07B2A}.Release|TwinCAT RT (x64).Build.0 = Release|TwinCAT RT (x64)
		{F824E5BF-A9EF-4F74-A71E-A9AA42D07B2A}.Release|TwinCAT RT (x86).ActiveCfg = Release|TwinCAT RT (x86)
		{F824E5BF-A9EF-4F74-A71E-A9AA42D07B2A}.Release|TwinCAT RT (x86).Build.0 = Release|TwinCAT RT (x86)
	EndGlobalSection
	GlobalSection(SolutionProperties) = preSolution
		HideSolutionNode = FALSE
	EndGlobalSection
EndGlobal
